
Microsoft Visual Studio Solution File, Format Version 12.00
# Visual Studio Version 17
VisualStudioVersion = 17.1.32407.343
MinimumVisualStudioVersion = 10.0.40219.1
Project("{FAE04EC0-301F-11D3-BF4B-00C04F79EFBC}") = "AccessModifier", "AccessModifier.csproj", "{BEFDD137-0EA1-49BB-AE55-CBFD319B7AEF}"
EndProject
Global
	GlobalSection(SolutionConfigurationPlatforms) = preSolution
		Debug|Any CPU = Debug|Any CPU
		Release|Any CPU = Release|Any CPU
	EndGlobalSection
	GlobalSection(ProjectConfigurationPlatforms) = postSolution
		{BEFDD137-0EA1-49BB-AE55-CBFD319B7AEF}.Debug|Any CPU.ActiveCfg = Debug|Any CPU
		{BEFDD137-0EA1-49BB-AE55-CBFD319B7AEF}.Debug|Any CPU.Build.0 = Debug|Any CPU
		{BEFDD137-0EA1-49BB-AE55-CBFD319B7AEF}.Release|Any CPU.ActiveCfg = Release|Any CPU
		{BEFDD137-0EA1-49BB-AE55-CBFD319B7AEF}.Release|Any CPU.Build.0 = Release|Any CPU
	EndGlobalSection
	GlobalSection(SolutionProperties) = preSolution
		HideSolutionNode = FALSE
	EndGlobalSection
	GlobalSection(ExtensibilityGlobals) = postSolution
		SolutionGuid = {636D7038-6FE8-4CC8-8B50-46C3868B1D5E}
	EndGlobalSection
EndGlobal
